{
  "version": 4,
  "terraform_version": "0.14.3",
  "serial": 142,
  "lineage": "66e04e1f-e693-3e67-d254-d846348f3e95",
  "outputs": {},
  "resources": [
    {
      "mode": "data",
      "type": "openstack_images_image_v2",
      "name": "webserver_shell_script",
      "provider": "provider[\"registry.terraform.io/terraform-provider-openstack/openstack\"]",
      "instances": [
        {
          "schema_version": 0,
          "attributes": {
            "checksum": "4316a000dbb37e3f314b46d65ab22d5b",
            "container_format": "bare",
            "created_at": "2021-03-15T13:56:29Z",
            "disk_format": "qcow2",
            "file": "/v2/images/4455dd13-bb9f-4b47-8ec6-f49b369d3499/file",
            "hidden": false,
            "id": "4455dd13-bb9f-4b47-8ec6-f49b369d3499",
            "member_status": null,
            "metadata": {},
            "min_disk_gb": 5,
            "min_ram_mb": 0,
            "most_recent": true,
            "name": "project5-elk_shell_script",
            "owner": "2f90f3a00214432bacd39a62465c98cf",
            "properties": null,
            "protected": false,
            "region": "RegionOne",
            "schema": "/v2/schemas/image",
            "size_bytes": 2184642560,
            "size_max": null,
            "size_min": null,
            "sort_direction": "asc",
            "sort_key": "name",
            "tag": null,
            "tags": [
              "created-1615816421"
            ],
            "updated_at": "2021-03-15T13:58:53Z",
            "visibility": "private"
          },
          "sensitive_attributes": []
        }
      ]
    },
    {
      "mode": "managed",
      "type": "openstack_compute_floatingip_associate_v2",
      "name": "webserver-floating_ip_associate",
      "provider": "provider[\"registry.terraform.io/terraform-provider-openstack/openstack\"]",
      "instances": [
        {
          "index_key": "1",
          "schema_version": 0,
          "attributes": {
            "fixed_ip": "",
            "floating_ip": "192.168.0.226",
            "id": "192.168.0.226/4edea84c-801e-42f8-bfac-33e862a9cd43/",
            "instance_id": "4edea84c-801e-42f8-bfac-33e862a9cd43",
            "region": "RegionOne",
            "timeouts": null,
            "wait_until_associated": null
          },
          "sensitive_attributes": [],
          "private": "eyJlMmJmYjczMC1lY2FhLTExZTYtOGY4OC0zNDM2M2JjN2M0YzAiOnsiY3JlYXRlIjo2MDAwMDAwMDAwMDB9fQ==",
          "dependencies": [
            "data.openstack_images_image_v2.webserver_shell_script",
            "module.private_network.data.openstack_networking_network_v2.external_network",
            "module.private_network.openstack_compute_secgroup_v2.secgroup_1",
            "module.private_network.openstack_networking_network_v2.private_network",
            "module.private_network.openstack_networking_router_interface_v2.router_interface",
            "module.private_network.openstack_networking_router_v2.router",
            "module.private_network.openstack_networking_secgroup_rule_v2.public-in-http",
            "module.private_network.openstack_networking_secgroup_rule_v2.public-out-all-tcp",
            "module.private_network.openstack_networking_secgroup_rule_v2.public-out-all-udp",
            "module.private_network.openstack_networking_secgroup_rule_v2.subnet-in-nfs",
            "module.private_network.openstack_networking_secgroup_rule_v2.subnet-in-ssh",
            "module.private_network.openstack_networking_subnet_v2.subnet",
            "module.webserver_instance.openstack_compute_instance_v2.instance",
            "openstack_networking_floatingip_v2.webserver-floating_ip"
          ]
        },
        {
          "index_key": "2",
          "schema_version": 0,
          "attributes": {
            "fixed_ip": "",
            "floating_ip": "192.168.0.228",
            "id": "192.168.0.228/679c8ce2-2286-4c0f-840a-65239391e6ea/",
            "instance_id": "679c8ce2-2286-4c0f-840a-65239391e6ea",
            "region": "RegionOne",
            "timeouts": null,
            "wait_until_associated": null
          },
          "sensitive_attributes": [],
          "private": "eyJlMmJmYjczMC1lY2FhLTExZTYtOGY4OC0zNDM2M2JjN2M0YzAiOnsiY3JlYXRlIjo2MDAwMDAwMDAwMDB9fQ==",
          "dependencies": [
            "data.openstack_images_image_v2.webserver_shell_script",
            "module.private_network.data.openstack_networking_network_v2.external_network",
            "module.private_network.openstack_compute_secgroup_v2.secgroup_1",
            "module.private_network.openstack_networking_network_v2.private_network",
            "module.private_network.openstack_networking_router_interface_v2.router_interface",
            "module.private_network.openstack_networking_router_v2.router",
            "module.private_network.openstack_networking_secgroup_rule_v2.public-in-http",
            "module.private_network.openstack_networking_secgroup_rule_v2.public-out-all-tcp",
            "module.private_network.openstack_networking_secgroup_rule_v2.public-out-all-udp",
            "module.private_network.openstack_networking_secgroup_rule_v2.subnet-in-nfs",
            "module.private_network.openstack_networking_secgroup_rule_v2.subnet-in-ssh",
            "module.private_network.openstack_networking_subnet_v2.subnet",
            "module.webserver_instance.openstack_compute_instance_v2.instance",
            "openstack_networking_floatingip_v2.webserver-floating_ip"
          ]
        },
        {
          "index_key": "3",
          "schema_version": 0,
          "attributes": {
            "fixed_ip": "",
            "floating_ip": "192.168.0.234",
            "id": "192.168.0.234/2f67ab21-da9a-438b-9758-46854f299e85/",
            "instance_id": "2f67ab21-da9a-438b-9758-46854f299e85",
            "region": "RegionOne",
            "timeouts": null,
            "wait_until_associated": null
          },
          "sensitive_attributes": [],
          "private": "eyJlMmJmYjczMC1lY2FhLTExZTYtOGY4OC0zNDM2M2JjN2M0YzAiOnsiY3JlYXRlIjo2MDAwMDAwMDAwMDB9fQ==",
          "dependencies": [
            "data.openstack_images_image_v2.webserver_shell_script",
            "module.private_network.data.openstack_networking_network_v2.external_network",
            "module.private_network.openstack_compute_secgroup_v2.secgroup_1",
            "module.private_network.openstack_networking_network_v2.private_network",
            "module.private_network.openstack_networking_router_interface_v2.router_interface",
            "module.private_network.openstack_networking_router_v2.router",
            "module.private_network.openstack_networking_secgroup_rule_v2.public-in-http",
            "module.private_network.openstack_networking_secgroup_rule_v2.public-out-all-tcp",
            "module.private_network.openstack_networking_secgroup_rule_v2.public-out-all-udp",
            "module.private_network.openstack_networking_secgroup_rule_v2.subnet-in-nfs",
            "module.private_network.openstack_networking_secgroup_rule_v2.subnet-in-ssh",
            "module.private_network.openstack_networking_subnet_v2.subnet",
            "module.webserver_instance.openstack_compute_instance_v2.instance",
            "openstack_networking_floatingip_v2.webserver-floating_ip"
          ]
        },
        {
          "index_key": "4",
          "schema_version": 0,
          "attributes": {
            "fixed_ip": "",
            "floating_ip": "192.168.0.229",
            "id": "192.168.0.229/83d62835-a5f2-4111-b92d-014c2acaeed7/",
            "instance_id": "83d62835-a5f2-4111-b92d-014c2acaeed7",
            "region": "RegionOne",
            "timeouts": null,
            "wait_until_associated": null
          },
          "sensitive_attributes": [],
          "private": "eyJlMmJmYjczMC1lY2FhLTExZTYtOGY4OC0zNDM2M2JjN2M0YzAiOnsiY3JlYXRlIjo2MDAwMDAwMDAwMDB9fQ==",
          "dependencies": [
            "data.openstack_images_image_v2.webserver_shell_script",
            "module.private_network.data.openstack_networking_network_v2.external_network",
            "module.private_network.openstack_compute_secgroup_v2.secgroup_1",
            "module.private_network.openstack_networking_network_v2.private_network",
            "module.private_network.openstack_networking_router_interface_v2.router_interface",
            "module.private_network.openstack_networking_router_v2.router",
            "module.private_network.openstack_networking_secgroup_rule_v2.public-in-http",
            "module.private_network.openstack_networking_secgroup_rule_v2.public-out-all-tcp",
            "module.private_network.openstack_networking_secgroup_rule_v2.public-out-all-udp",
            "module.private_network.openstack_networking_secgroup_rule_v2.subnet-in-nfs",
            "module.private_network.openstack_networking_secgroup_rule_v2.subnet-in-ssh",
            "module.private_network.openstack_networking_subnet_v2.subnet",
            "module.webserver_instance.openstack_compute_instance_v2.instance",
            "openstack_networking_floatingip_v2.webserver-floating_ip"
          ]
        },
        {
          "index_key": "5",
          "schema_version": 0,
          "attributes": {
            "fixed_ip": "",
            "floating_ip": "192.168.0.221",
            "id": "192.168.0.221/8ecd1519-34cd-4db2-b657-cd150fc3cbb3/",
            "instance_id": "8ecd1519-34cd-4db2-b657-cd150fc3cbb3",
            "region": "RegionOne",
            "timeouts": null,
            "wait_until_associated": null
          },
          "sensitive_attributes": [],
          "private": "eyJlMmJmYjczMC1lY2FhLTExZTYtOGY4OC0zNDM2M2JjN2M0YzAiOnsiY3JlYXRlIjo2MDAwMDAwMDAwMDB9fQ==",
          "dependencies": [
            "data.openstack_images_image_v2.webserver_shell_script",
            "module.private_network.data.openstack_networking_network_v2.external_network",
            "module.private_network.openstack_compute_secgroup_v2.secgroup_1",
            "module.private_network.openstack_networking_network_v2.private_network",
            "module.private_network.openstack_networking_router_interface_v2.router_interface",
            "module.private_network.openstack_networking_router_v2.router",
            "module.private_network.openstack_networking_secgroup_rule_v2.public-in-http",
            "module.private_network.openstack_networking_secgroup_rule_v2.public-out-all-tcp",
            "module.private_network.openstack_networking_secgroup_rule_v2.public-out-all-udp",
            "module.private_network.openstack_networking_secgroup_rule_v2.subnet-in-nfs",
            "module.private_network.openstack_networking_secgroup_rule_v2.subnet-in-ssh",
            "module.private_network.openstack_networking_subnet_v2.subnet",
            "module.webserver_instance.openstack_compute_instance_v2.instance",
            "openstack_networking_floatingip_v2.webserver-floating_ip"
          ]
        }
      ]
    },
    {
      "mode": "managed",
      "type": "openstack_networking_floatingip_v2",
      "name": "webserver-floating_ip",
      "provider": "provider[\"registry.terraform.io/terraform-provider-openstack/openstack\"]",
      "instances": [
        {
          "index_key": "1",
          "schema_version": 0,
          "attributes": {
            "address": "192.168.0.226",
            "all_tags": [],
            "description": "",
            "dns_domain": "",
            "dns_name": "",
            "fixed_ip": "",
            "id": "f7a34650-cbf2-4f87-bd4b-29b341185504",
            "pool": "external_network",
            "port_id": "",
            "region": "RegionOne",
            "subnet_id": null,
            "subnet_ids": null,
            "tags": [],
            "tenant_id": "2f90f3a00214432bacd39a62465c98cf",
            "timeouts": null,
            "value_specs": null
          },
          "sensitive_attributes": [],
          "private": "eyJlMmJmYjczMC1lY2FhLTExZTYtOGY4OC0zNDM2M2JjN2M0YzAiOnsiY3JlYXRlIjo2MDAwMDAwMDAwMDAsImRlbGV0ZSI6NjAwMDAwMDAwMDAwfX0="
        },
        {
          "index_key": "2",
          "schema_version": 0,
          "attributes": {
            "address": "192.168.0.228",
            "all_tags": [],
            "description": "",
            "dns_domain": "",
            "dns_name": "",
            "fixed_ip": "",
            "id": "84654d09-9d0f-41e5-9819-62f1d43874db",
            "pool": "external_network",
            "port_id": "",
            "region": "RegionOne",
            "subnet_id": null,
            "subnet_ids": null,
            "tags": [],
            "tenant_id": "2f90f3a00214432bacd39a62465c98cf",
            "timeouts": null,
            "value_specs": null
          },
          "sensitive_attributes": [],
          "private": "eyJlMmJmYjczMC1lY2FhLTExZTYtOGY4OC0zNDM2M2JjN2M0YzAiOnsiY3JlYXRlIjo2MDAwMDAwMDAwMDAsImRlbGV0ZSI6NjAwMDAwMDAwMDAwfX0="
        },
        {
          "index_key": "3",
          "schema_version": 0,
          "attributes": {
            "address": "192.168.0.234",
            "all_tags": [],
            "description": "",
            "dns_domain": "",
            "dns_name": "",
            "fixed_ip": "",
            "id": "96e19144-1bf9-4f72-a26c-37e9a0524667",
            "pool": "external_network",
            "port_id": "",
            "region": "RegionOne",
            "subnet_id": null,
            "subnet_ids": null,
            "tags": [],
            "tenant_id": "2f90f3a00214432bacd39a62465c98cf",
            "timeouts": null,
            "value_specs": null
          },
          "sensitive_attributes": [],
          "private": "eyJlMmJmYjczMC1lY2FhLTExZTYtOGY4OC0zNDM2M2JjN2M0YzAiOnsiY3JlYXRlIjo2MDAwMDAwMDAwMDAsImRlbGV0ZSI6NjAwMDAwMDAwMDAwfX0="
        },
        {
          "index_key": "4",
          "schema_version": 0,
          "attributes": {
            "address": "192.168.0.229",
            "all_tags": [],
            "description": "",
            "dns_domain": "",
            "dns_name": "",
            "fixed_ip": "",
            "id": "b664fc0d-c597-4304-8825-4dbba4ab231e",
            "pool": "external_network",
            "port_id": "",
            "region": "RegionOne",
            "subnet_id": null,
            "subnet_ids": null,
            "tags": null,
            "tenant_id": "2f90f3a00214432bacd39a62465c98cf",
            "timeouts": null,
            "value_specs": null
          },
          "sensitive_attributes": [],
          "private": "eyJlMmJmYjczMC1lY2FhLTExZTYtOGY4OC0zNDM2M2JjN2M0YzAiOnsiY3JlYXRlIjo2MDAwMDAwMDAwMDAsImRlbGV0ZSI6NjAwMDAwMDAwMDAwfX0="
        },
        {
          "index_key": "5",
          "schema_version": 0,
          "attributes": {
            "address": "192.168.0.221",
            "all_tags": [],
            "description": "",
            "dns_domain": "",
            "dns_name": "",
            "fixed_ip": "",
            "id": "d1cd128c-6bc7-4778-a6a2-0974453584b1",
            "pool": "external_network",
            "port_id": "",
            "region": "RegionOne",
            "subnet_id": null,
            "subnet_ids": null,
            "tags": null,
            "tenant_id": "2f90f3a00214432bacd39a62465c98cf",
            "timeouts": null,
            "value_specs": null
          },
          "sensitive_attributes": [],
          "private": "eyJlMmJmYjczMC1lY2FhLTExZTYtOGY4OC0zNDM2M2JjN2M0YzAiOnsiY3JlYXRlIjo2MDAwMDAwMDAwMDAsImRlbGV0ZSI6NjAwMDAwMDAwMDAwfX0="
        }
      ]
    },
    {
      "module": "module.private_network",
      "mode": "data",
      "type": "openstack_networking_network_v2",
      "name": "external_network",
      "provider": "provider[\"registry.terraform.io/terraform-provider-openstack/openstack\"]",
      "instances": [
        {
          "schema_version": 0,
          "attributes": {
            "admin_state_up": "true",
            "all_tags": [],
            "availability_zone_hints": [],
            "description": "",
            "dns_domain": "",
            "external": true,
            "id": "820f0fa9-7a3a-4c02-9d28-7f0c8786d39f",
            "matching_subnet_cidr": null,
            "mtu": 1500,
            "name": "external_network",
            "network_id": null,
            "region": "RegionOne",
            "shared": "false",
            "status": null,
            "subnets": [
              "86488ca9-c83d-4236-bc19-1f6ff6839eaf"
            ],
            "tags": null,
            "tenant_id": "72ba17031d9045ec862dc0f0b63103b8",
            "transparent_vlan": false
          },
          "sensitive_attributes": []
        }
      ]
    },
    {
      "module": "module.private_network",
      "mode": "managed",
      "type": "openstack_compute_secgroup_v2",
      "name": "secgroup_1",
      "provider": "provider[\"registry.terraform.io/terraform-provider-openstack/openstack\"]",
      "instances": [
        {
          "schema_version": 0,
          "attributes": {
            "description": "a security group",
            "id": "502dc345-6d03-4bec-9de3-094d9b1d3af2",
            "name": "project5-elk-secgroup1",
            "region": "RegionOne",
            "rule": [
              {
                "cidr": "192.168.0.0/24",
                "from_group_id": "",
                "from_port": 22,
                "id": "150df572-fc5d-4439-85c1-1b1db7f13b3f",
                "ip_protocol": "tcp",
                "self": false,
                "to_port": 22
              },
              {
                "cidr": "192.168.0.0/24",
                "from_group_id": "",
                "from_port": 80,
                "id": "025acf3f-6754-44e6-8805-7cc9f3cb465d",
                "ip_protocol": "tcp",
                "self": false,
                "to_port": 80
              },
              {
                "cidr": "192.168.200.0/24",
                "from_group_id": "",
                "from_port": 2049,
                "id": "da6a782a-a5ae-483a-8b18-1aaed40db721",
                "ip_protocol": "tcp",
                "self": false,
                "to_port": 2049
              }
            ],
            "timeouts": null
          },
          "sensitive_attributes": [],
          "private": "eyJlMmJmYjczMC1lY2FhLTExZTYtOGY4OC0zNDM2M2JjN2M0YzAiOnsiZGVsZXRlIjo2MDAwMDAwMDAwMDB9fQ=="
        }
      ]
    },
    {
      "module": "module.private_network",
      "mode": "managed",
      "type": "openstack_networking_network_v2",
      "name": "private_network",
      "provider": "provider[\"registry.terraform.io/terraform-provider-openstack/openstack\"]",
      "instances": [
        {
          "schema_version": 0,
          "attributes": {
            "admin_state_up": true,
            "all_tags": [],
            "availability_zone_hints": [],
            "description": "",
            "dns_domain": "",
            "external": false,
            "id": "599e0af8-3d9e-4105-a597-c8c481b65b97",
            "mtu": 1450,
            "name": "project5-elk-private-network",
            "port_security_enabled": true,
            "qos_policy_id": "",
            "region": "RegionOne",
            "segments": [],
            "shared": false,
            "tags": [],
            "tenant_id": "2f90f3a00214432bacd39a62465c98cf",
            "timeouts": null,
            "transparent_vlan": false,
            "value_specs": null
          },
          "sensitive_attributes": [],
          "private": "eyJlMmJmYjczMC1lY2FhLTExZTYtOGY4OC0zNDM2M2JjN2M0YzAiOnsiY3JlYXRlIjo2MDAwMDAwMDAwMDAsImRlbGV0ZSI6NjAwMDAwMDAwMDAwfX0="
        }
      ]
    },
    {
      "module": "module.private_network",
      "mode": "managed",
      "type": "openstack_networking_router_interface_v2",
      "name": "router_interface",
      "provider": "provider[\"registry.terraform.io/terraform-provider-openstack/openstack\"]",
      "instances": [
        {
          "schema_version": 0,
          "attributes": {
            "id": "1179efa0-8e4e-4747-b0a6-94d4a6654439",
            "port_id": "1179efa0-8e4e-4747-b0a6-94d4a6654439",
            "region": "RegionOne",
            "router_id": "691d2d7c-4fc9-47a2-a3b6-c255d3d94197",
            "subnet_id": "028616d1-a7a5-4892-b038-041b095ff033",
            "timeouts": null
          },
          "sensitive_attributes": [],
          "private": "eyJlMmJmYjczMC1lY2FhLTExZTYtOGY4OC0zNDM2M2JjN2M0YzAiOnsiY3JlYXRlIjo2MDAwMDAwMDAwMDAsImRlbGV0ZSI6NjAwMDAwMDAwMDAwfX0=",
          "dependencies": [
            "module.private_network.data.openstack_networking_network_v2.external_network",
            "module.private_network.openstack_networking_network_v2.private_network",
            "module.private_network.openstack_networking_router_v2.router",
            "module.private_network.openstack_networking_subnet_v2.subnet"
          ]
        }
      ]
    },
    {
      "module": "module.private_network",
      "mode": "managed",
      "type": "openstack_networking_router_v2",
      "name": "router",
      "provider": "provider[\"registry.terraform.io/terraform-provider-openstack/openstack\"]",
      "instances": [
        {
          "schema_version": 0,
          "attributes": {
            "admin_state_up": true,
            "all_tags": [],
            "availability_zone_hints": [],
            "description": "",
            "distributed": false,
            "enable_snat": true,
            "external_fixed_ip": [
              {
                "ip_address": "192.168.0.238",
                "subnet_id": "86488ca9-c83d-4236-bc19-1f6ff6839eaf"
              }
            ],
            "external_gateway": "820f0fa9-7a3a-4c02-9d28-7f0c8786d39f",
            "external_network_id": "820f0fa9-7a3a-4c02-9d28-7f0c8786d39f",
            "external_subnet_ids": null,
            "id": "691d2d7c-4fc9-47a2-a3b6-c255d3d94197",
            "name": "project5-elk-router",
            "region": "RegionOne",
            "tags": [],
            "tenant_id": "2f90f3a00214432bacd39a62465c98cf",
            "timeouts": null,
            "value_specs": null,
            "vendor_options": []
          },
          "sensitive_attributes": [],
          "private": "eyJlMmJmYjczMC1lY2FhLTExZTYtOGY4OC0zNDM2M2JjN2M0YzAiOnsiY3JlYXRlIjo2MDAwMDAwMDAwMDAsImRlbGV0ZSI6NjAwMDAwMDAwMDAwfX0=",
          "dependencies": [
            "module.private_network.data.openstack_networking_network_v2.external_network"
          ]
        }
      ]
    },
    {
      "module": "module.private_network",
      "mode": "managed",
      "type": "openstack_networking_secgroup_rule_v2",
      "name": "public-in-http",
      "provider": "provider[\"registry.terraform.io/terraform-provider-openstack/openstack\"]",
      "instances": [
        {
          "schema_version": 0,
          "attributes": {
            "description": "allow HTTP traffic from LAN",
            "direction": "ingress",
            "ethertype": "IPv4",
            "id": "025acf3f-6754-44e6-8805-7cc9f3cb465d",
            "port_range_max": 80,
            "port_range_min": 80,
            "protocol": "tcp",
            "region": "RegionOne",
            "remote_group_id": "",
            "remote_ip_prefix": "192.168.0.0/24",
            "security_group_id": "502dc345-6d03-4bec-9de3-094d9b1d3af2",
            "tenant_id": "2f90f3a00214432bacd39a62465c98cf",
            "timeouts": null
          },
          "sensitive_attributes": [],
          "private": "eyJlMmJmYjczMC1lY2FhLTExZTYtOGY4OC0zNDM2M2JjN2M0YzAiOnsiZGVsZXRlIjo2MDAwMDAwMDAwMDB9fQ==",
          "dependencies": [
            "module.private_network.openstack_compute_secgroup_v2.secgroup_1"
          ]
        }
      ]
    },
    {
      "module": "module.private_network",
      "mode": "managed",
      "type": "openstack_networking_secgroup_rule_v2",
      "name": "public-out-all-tcp",
      "provider": "provider[\"registry.terraform.io/terraform-provider-openstack/openstack\"]",
      "instances": [
        {
          "schema_version": 0,
          "attributes": {
            "description": "allow all traffic outside subnet",
            "direction": "egress",
            "ethertype": "IPv4",
            "id": "c0652fe2-c5ef-49b8-abf8-1c876138f922",
            "port_range_max": 65535,
            "port_range_min": 1,
            "protocol": "tcp",
            "region": "RegionOne",
            "remote_group_id": "",
            "remote_ip_prefix": "0.0.0.0/0",
            "security_group_id": "502dc345-6d03-4bec-9de3-094d9b1d3af2",
            "tenant_id": "2f90f3a00214432bacd39a62465c98cf",
            "timeouts": null
          },
          "sensitive_attributes": [],
          "private": "eyJlMmJmYjczMC1lY2FhLTExZTYtOGY4OC0zNDM2M2JjN2M0YzAiOnsiZGVsZXRlIjo2MDAwMDAwMDAwMDB9fQ==",
          "dependencies": [
            "module.private_network.openstack_compute_secgroup_v2.secgroup_1"
          ]
        }
      ]
    },
    {
      "module": "module.private_network",
      "mode": "managed",
      "type": "openstack_networking_secgroup_rule_v2",
      "name": "public-out-all-udp",
      "provider": "provider[\"registry.terraform.io/terraform-provider-openstack/openstack\"]",
      "instances": [
        {
          "schema_version": 0,
          "attributes": {
            "description": "allow all traffic outside subnet",
            "direction": "egress",
            "ethertype": "IPv4",
            "id": "065756fb-2ba4-4067-a61a-dbf8eda2a6d2",
            "port_range_max": 65535,
            "port_range_min": 1,
            "protocol": "udp",
            "region": "RegionOne",
            "remote_group_id": "",
            "remote_ip_prefix": "0.0.0.0/0",
            "security_group_id": "502dc345-6d03-4bec-9de3-094d9b1d3af2",
            "tenant_id": "2f90f3a00214432bacd39a62465c98cf",
            "timeouts": null
          },
          "sensitive_attributes": [],
          "private": "eyJlMmJmYjczMC1lY2FhLTExZTYtOGY4OC0zNDM2M2JjN2M0YzAiOnsiZGVsZXRlIjo2MDAwMDAwMDAwMDB9fQ==",
          "dependencies": [
            "module.private_network.openstack_compute_secgroup_v2.secgroup_1"
          ]
        }
      ]
    },
    {
      "module": "module.private_network",
      "mode": "managed",
      "type": "openstack_networking_secgroup_rule_v2",
      "name": "subnet-in-nfs",
      "provider": "provider[\"registry.terraform.io/terraform-provider-openstack/openstack\"]",
      "instances": [
        {
          "schema_version": 0,
          "attributes": {
            "description": "allow NFS traffic inside subnet",
            "direction": "ingress",
            "ethertype": "IPv4",
            "id": "da6a782a-a5ae-483a-8b18-1aaed40db721",
            "port_range_max": 2049,
            "port_range_min": 2049,
            "protocol": "tcp",
            "region": "RegionOne",
            "remote_group_id": "",
            "remote_ip_prefix": "192.168.200.0/24",
            "security_group_id": "502dc345-6d03-4bec-9de3-094d9b1d3af2",
            "tenant_id": "2f90f3a00214432bacd39a62465c98cf",
            "timeouts": null
          },
          "sensitive_attributes": [],
          "private": "eyJlMmJmYjczMC1lY2FhLTExZTYtOGY4OC0zNDM2M2JjN2M0YzAiOnsiZGVsZXRlIjo2MDAwMDAwMDAwMDB9fQ==",
          "dependencies": [
            "module.private_network.openstack_compute_secgroup_v2.secgroup_1"
          ]
        }
      ]
    },
    {
      "module": "module.private_network",
      "mode": "managed",
      "type": "openstack_networking_secgroup_rule_v2",
      "name": "subnet-in-ssh",
      "provider": "provider[\"registry.terraform.io/terraform-provider-openstack/openstack\"]",
      "instances": [
        {
          "schema_version": 0,
          "attributes": {
            "description": "allow SSH traffic from LAN",
            "direction": "ingress",
            "ethertype": "IPv4",
            "id": "150df572-fc5d-4439-85c1-1b1db7f13b3f",
            "port_range_max": 22,
            "port_range_min": 22,
            "protocol": "tcp",
            "region": "RegionOne",
            "remote_group_id": "",
            "remote_ip_prefix": "192.168.0.0/24",
            "security_group_id": "502dc345-6d03-4bec-9de3-094d9b1d3af2",
            "tenant_id": "2f90f3a00214432bacd39a62465c98cf",
            "timeouts": null
          },
          "sensitive_attributes": [],
          "private": "eyJlMmJmYjczMC1lY2FhLTExZTYtOGY4OC0zNDM2M2JjN2M0YzAiOnsiZGVsZXRlIjo2MDAwMDAwMDAwMDB9fQ==",
          "dependencies": [
            "module.private_network.openstack_compute_secgroup_v2.secgroup_1"
          ]
        }
      ]
    },
    {
      "module": "module.private_network",
      "mode": "managed",
      "type": "openstack_networking_subnet_v2",
      "name": "subnet",
      "provider": "provider[\"registry.terraform.io/terraform-provider-openstack/openstack\"]",
      "instances": [
        {
          "schema_version": 0,
          "attributes": {
            "all_tags": [],
            "allocation_pool": [
              {
                "end": "192.168.200.254",
                "start": "192.168.200.2"
              }
            ],
            "allocation_pools": [
              {
                "end": "192.168.200.254",
                "start": "192.168.200.2"
              }
            ],
            "cidr": "192.168.200.0/24",
            "description": "",
            "dns_nameservers": [
              "192.168.0.1",
              "8.8.8.8"
            ],
            "enable_dhcp": true,
            "gateway_ip": "192.168.200.1",
            "host_routes": [],
            "id": "028616d1-a7a5-4892-b038-041b095ff033",
            "ip_version": 4,
            "ipv6_address_mode": "",
            "ipv6_ra_mode": "",
            "name": "project5-elk-subnet",
            "network_id": "599e0af8-3d9e-4105-a597-c8c481b65b97",
            "no_gateway": false,
            "prefix_length": null,
            "region": "RegionOne",
            "subnetpool_id": "",
            "tags": [],
            "tenant_id": "2f90f3a00214432bacd39a62465c98cf",
            "timeouts": null,
            "value_specs": null
          },
          "sensitive_attributes": [],
          "private": "eyJlMmJmYjczMC1lY2FhLTExZTYtOGY4OC0zNDM2M2JjN2M0YzAiOnsiY3JlYXRlIjo2MDAwMDAwMDAwMDAsImRlbGV0ZSI6NjAwMDAwMDAwMDAwfX0=",
          "dependencies": [
            "module.private_network.openstack_networking_network_v2.private_network"
          ]
        }
      ]
    },
    {
      "module": "module.project5-elk-pubkey",
      "mode": "managed",
      "type": "openstack_compute_keypair_v2",
      "name": "project5-elk-keypair",
      "provider": "provider[\"registry.terraform.io/terraform-provider-openstack/openstack\"]",
      "instances": [
        {
          "schema_version": 0,
          "attributes": {
            "fingerprint": "9a:d9:8e:22:4f:8c:b1:90:25:99:4c:07:e5:66:d8:e3",
            "id": "project5-elk-keypair",
            "name": "project5-elk-keypair",
            "private_key": "",
            "public_key": "ssh-rsa AAAAB3NzaC1yc2EAAAADAQABAAABgQDTFMRJsIFTh4VNpbSuHR/+3OcX7xxUPdJQT6priV251LSdltFygRpakuMP/hcfj7Q+FYeFks/YlDb6/2YIMzGZBvBGy0Oeh3ECZOzOZwDxfTS2ZVM0mY/SOy5EsGi7PuELeK+tCpZmcr6ZsBsRHms563NstA+781+TYIC56wav0/wK6VzkC5obDe3o8fnFO9ui2iMdnI3YSRJjh4aRSsItZrzrs7dAOtULJ2SD9lF3uaFtQM07DCRT6t0VYTK0bZv7sDNj/E3wemMfs2Nn8shkhwUKnSDNdnWKsnJEGs+PTqcgrA7VZRPaFBMuu15drNUmPIFKFUyqOa5p04eJmlUGQTME0S+jlUDzSZKvxsTyZEW+oGVVcXwMBlia5hoXSdqDHVMvaqH9InkdNFfowiMqM/nS6N0bflSg16sv2ZlvC04/4l8SaHxupaZA2/4JKLtbipg6iqvLBgpdKjXPx2S1Jc+ClO8qw0vMGWetEY3QiEZrJF/2DArYnX2S7HEeIP0= root@DELL\n",
            "region": "RegionOne",
            "value_specs": null
          },
          "sensitive_attributes": [],
          "private": "bnVsbA=="
        }
      ]
    },
    {
      "module": "module.webserver_instance[\"1\"]",
      "mode": "managed",
      "type": "openstack_compute_instance_v2",
      "name": "instance",
      "provider": "provider[\"registry.terraform.io/terraform-provider-openstack/openstack\"]",
      "instances": [
        {
          "schema_version": 0,
          "attributes": {
            "access_ip_v4": "192.168.200.196",
            "access_ip_v6": "",
            "admin_pass": null,
            "all_metadata": {
              "environment": "stg"
            },
            "all_tags": [],
            "availability_zone": "nova",
            "availability_zone_hints": null,
            "block_device": [],
            "config_drive": null,
            "flavor_id": "aed15a19-eb65-4ed1-881d-a2dcf60a2410",
            "flavor_name": "c1m1",
            "floating_ip": null,
            "force_delete": false,
            "id": "4edea84c-801e-42f8-bfac-33e862a9cd43",
            "image_id": "4455dd13-bb9f-4b47-8ec6-f49b369d3499",
            "image_name": "project5-elk_shell_script",
            "key_pair": "project5-elk-keypair",
            "metadata": {
              "environment": "stg"
            },
            "name": "webserver-1",
            "network": [
              {
                "access_network": false,
                "fixed_ip_v4": "192.168.200.196",
                "fixed_ip_v6": "",
                "floating_ip": "",
                "mac": "fa:16:3e:12:77:51",
                "name": "project5-elk-private-network",
                "port": "",
                "uuid": "599e0af8-3d9e-4105-a597-c8c481b65b97"
              }
            ],
            "network_mode": null,
            "personality": [],
            "power_state": "active",
            "region": "RegionOne",
            "scheduler_hints": [],
            "security_groups": [
              "project5-elk-secgroup1"
            ],
            "stop_before_destroy": false,
            "tags": null,
            "timeouts": null,
            "user_data": null,
            "vendor_options": [],
            "volume": []
          },
          "sensitive_attributes": [],
          "private": "eyJlMmJmYjczMC1lY2FhLTExZTYtOGY4OC0zNDM2M2JjN2M0YzAiOnsiY3JlYXRlIjoxODAwMDAwMDAwMDAwLCJkZWxldGUiOjE4MDAwMDAwMDAwMDAsInVwZGF0ZSI6MTgwMDAwMDAwMDAwMH19",
          "dependencies": [
            "data.openstack_images_image_v2.webserver_shell_script",
            "module.private_network.data.openstack_networking_network_v2.external_network",
            "module.private_network.openstack_compute_secgroup_v2.secgroup_1",
            "module.private_network.openstack_networking_network_v2.private_network",
            "module.private_network.openstack_networking_router_interface_v2.router_interface",
            "module.private_network.openstack_networking_router_v2.router",
            "module.private_network.openstack_networking_secgroup_rule_v2.public-in-http",
            "module.private_network.openstack_networking_secgroup_rule_v2.public-out-all-tcp",
            "module.private_network.openstack_networking_secgroup_rule_v2.public-out-all-udp",
            "module.private_network.openstack_networking_secgroup_rule_v2.subnet-in-nfs",
            "module.private_network.openstack_networking_secgroup_rule_v2.subnet-in-ssh",
            "module.private_network.openstack_networking_subnet_v2.subnet"
          ]
        }
      ]
    },
    {
      "module": "module.webserver_instance[\"2\"]",
      "mode": "managed",
      "type": "openstack_compute_instance_v2",
      "name": "instance",
      "provider": "provider[\"registry.terraform.io/terraform-provider-openstack/openstack\"]",
      "instances": [
        {
          "schema_version": 0,
          "attributes": {
            "access_ip_v4": "192.168.200.12",
            "access_ip_v6": "",
            "admin_pass": null,
            "all_metadata": {
              "environment": "stg"
            },
            "all_tags": [],
            "availability_zone": "nova",
            "availability_zone_hints": null,
            "block_device": [],
            "config_drive": null,
            "flavor_id": "aed15a19-eb65-4ed1-881d-a2dcf60a2410",
            "flavor_name": "c1m1",
            "floating_ip": null,
            "force_delete": false,
            "id": "679c8ce2-2286-4c0f-840a-65239391e6ea",
            "image_id": "4455dd13-bb9f-4b47-8ec6-f49b369d3499",
            "image_name": "project5-elk_shell_script",
            "key_pair": "project5-elk-keypair",
            "metadata": {
              "environment": "stg"
            },
            "name": "webserver-2",
            "network": [
              {
                "access_network": false,
                "fixed_ip_v4": "192.168.200.12",
                "fixed_ip_v6": "",
                "floating_ip": "",
                "mac": "fa:16:3e:14:8d:2d",
                "name": "project5-elk-private-network",
                "port": "",
                "uuid": "599e0af8-3d9e-4105-a597-c8c481b65b97"
              }
            ],
            "network_mode": null,
            "personality": [],
            "power_state": "active",
            "region": "RegionOne",
            "scheduler_hints": [],
            "security_groups": [
              "project5-elk-secgroup1"
            ],
            "stop_before_destroy": false,
            "tags": null,
            "timeouts": null,
            "user_data": null,
            "vendor_options": [],
            "volume": []
          },
          "sensitive_attributes": [],
          "private": "eyJlMmJmYjczMC1lY2FhLTExZTYtOGY4OC0zNDM2M2JjN2M0YzAiOnsiY3JlYXRlIjoxODAwMDAwMDAwMDAwLCJkZWxldGUiOjE4MDAwMDAwMDAwMDAsInVwZGF0ZSI6MTgwMDAwMDAwMDAwMH19",
          "dependencies": [
            "data.openstack_images_image_v2.webserver_shell_script",
            "module.private_network.data.openstack_networking_network_v2.external_network",
            "module.private_network.openstack_compute_secgroup_v2.secgroup_1",
            "module.private_network.openstack_networking_network_v2.private_network",
            "module.private_network.openstack_networking_router_interface_v2.router_interface",
            "module.private_network.openstack_networking_router_v2.router",
            "module.private_network.openstack_networking_secgroup_rule_v2.public-in-http",
            "module.private_network.openstack_networking_secgroup_rule_v2.public-out-all-tcp",
            "module.private_network.openstack_networking_secgroup_rule_v2.public-out-all-udp",
            "module.private_network.openstack_networking_secgroup_rule_v2.subnet-in-nfs",
            "module.private_network.openstack_networking_secgroup_rule_v2.subnet-in-ssh",
            "module.private_network.openstack_networking_subnet_v2.subnet"
          ]
        }
      ]
    },
    {
      "module": "module.webserver_instance[\"3\"]",
      "mode": "managed",
      "type": "openstack_compute_instance_v2",
      "name": "instance",
      "provider": "provider[\"registry.terraform.io/terraform-provider-openstack/openstack\"]",
      "instances": [
        {
          "schema_version": 0,
          "attributes": {
            "access_ip_v4": "192.168.200.120",
            "access_ip_v6": "",
            "admin_pass": null,
            "all_metadata": {
              "environment": "stg"
            },
            "all_tags": [],
            "availability_zone": "nova",
            "availability_zone_hints": null,
            "block_device": [],
            "config_drive": null,
            "flavor_id": "aed15a19-eb65-4ed1-881d-a2dcf60a2410",
            "flavor_name": "c1m1",
            "floating_ip": null,
            "force_delete": false,
            "id": "2f67ab21-da9a-438b-9758-46854f299e85",
            "image_id": "4455dd13-bb9f-4b47-8ec6-f49b369d3499",
            "image_name": "project5-elk_shell_script",
            "key_pair": "project5-elk-keypair",
            "metadata": {
              "environment": "stg"
            },
            "name": "webserver-3",
            "network": [
              {
                "access_network": false,
                "fixed_ip_v4": "192.168.200.120",
                "fixed_ip_v6": "",
                "floating_ip": "",
                "mac": "fa:16:3e:24:d2:40",
                "name": "project5-elk-private-network",
                "port": "",
                "uuid": "599e0af8-3d9e-4105-a597-c8c481b65b97"
              }
            ],
            "network_mode": null,
            "personality": [],
            "power_state": "active",
            "region": "RegionOne",
            "scheduler_hints": [],
            "security_groups": [
              "project5-elk-secgroup1"
            ],
            "stop_before_destroy": false,
            "tags": null,
            "timeouts": null,
            "user_data": null,
            "vendor_options": [],
            "volume": []
          },
          "sensitive_attributes": [],
          "private": "eyJlMmJmYjczMC1lY2FhLTExZTYtOGY4OC0zNDM2M2JjN2M0YzAiOnsiY3JlYXRlIjoxODAwMDAwMDAwMDAwLCJkZWxldGUiOjE4MDAwMDAwMDAwMDAsInVwZGF0ZSI6MTgwMDAwMDAwMDAwMH19",
          "dependencies": [
            "data.openstack_images_image_v2.webserver_shell_script",
            "module.private_network.data.openstack_networking_network_v2.external_network",
            "module.private_network.openstack_compute_secgroup_v2.secgroup_1",
            "module.private_network.openstack_networking_network_v2.private_network",
            "module.private_network.openstack_networking_router_interface_v2.router_interface",
            "module.private_network.openstack_networking_router_v2.router",
            "module.private_network.openstack_networking_secgroup_rule_v2.public-in-http",
            "module.private_network.openstack_networking_secgroup_rule_v2.public-out-all-tcp",
            "module.private_network.openstack_networking_secgroup_rule_v2.public-out-all-udp",
            "module.private_network.openstack_networking_secgroup_rule_v2.subnet-in-nfs",
            "module.private_network.openstack_networking_secgroup_rule_v2.subnet-in-ssh",
            "module.private_network.openstack_networking_subnet_v2.subnet"
          ]
        }
      ]
    },
    {
      "module": "module.webserver_instance[\"4\"]",
      "mode": "managed",
      "type": "openstack_compute_instance_v2",
      "name": "instance",
      "provider": "provider[\"registry.terraform.io/terraform-provider-openstack/openstack\"]",
      "instances": [
        {
          "schema_version": 0,
          "attributes": {
            "access_ip_v4": "192.168.200.39",
            "access_ip_v6": "",
            "admin_pass": null,
            "all_metadata": {
              "environment": "stg"
            },
            "all_tags": [],
            "availability_zone": "nova",
            "availability_zone_hints": null,
            "block_device": [],
            "config_drive": null,
            "flavor_id": "aed15a19-eb65-4ed1-881d-a2dcf60a2410",
            "flavor_name": "c1m1",
            "floating_ip": null,
            "force_delete": false,
            "id": "83d62835-a5f2-4111-b92d-014c2acaeed7",
            "image_id": "4455dd13-bb9f-4b47-8ec6-f49b369d3499",
            "image_name": "project5-elk_shell_script",
            "key_pair": "project5-elk-keypair",
            "metadata": {
              "environment": "stg"
            },
            "name": "webserver-4",
            "network": [
              {
                "access_network": false,
                "fixed_ip_v4": "192.168.200.39",
                "fixed_ip_v6": "",
                "floating_ip": "",
                "mac": "fa:16:3e:6e:fc:bb",
                "name": "project5-elk-private-network",
                "port": "",
                "uuid": "599e0af8-3d9e-4105-a597-c8c481b65b97"
              }
            ],
            "network_mode": null,
            "personality": [],
            "power_state": "active",
            "region": "RegionOne",
            "scheduler_hints": [],
            "security_groups": [
              "project5-elk-secgroup1"
            ],
            "stop_before_destroy": false,
            "tags": null,
            "timeouts": null,
            "user_data": null,
            "vendor_options": [],
            "volume": []
          },
          "sensitive_attributes": [],
          "private": "eyJlMmJmYjczMC1lY2FhLTExZTYtOGY4OC0zNDM2M2JjN2M0YzAiOnsiY3JlYXRlIjoxODAwMDAwMDAwMDAwLCJkZWxldGUiOjE4MDAwMDAwMDAwMDAsInVwZGF0ZSI6MTgwMDAwMDAwMDAwMH19",
          "dependencies": [
            "data.openstack_images_image_v2.webserver_shell_script",
            "module.private_network.data.openstack_networking_network_v2.external_network",
            "module.private_network.openstack_compute_secgroup_v2.secgroup_1",
            "module.private_network.openstack_networking_network_v2.private_network",
            "module.private_network.openstack_networking_router_interface_v2.router_interface",
            "module.private_network.openstack_networking_router_v2.router",
            "module.private_network.openstack_networking_secgroup_rule_v2.public-in-http",
            "module.private_network.openstack_networking_secgroup_rule_v2.public-out-all-tcp",
            "module.private_network.openstack_networking_secgroup_rule_v2.public-out-all-udp",
            "module.private_network.openstack_networking_secgroup_rule_v2.subnet-in-nfs",
            "module.private_network.openstack_networking_secgroup_rule_v2.subnet-in-ssh",
            "module.private_network.openstack_networking_subnet_v2.subnet"
          ]
        }
      ]
    },
    {
      "module": "module.webserver_instance[\"5\"]",
      "mode": "managed",
      "type": "openstack_compute_instance_v2",
      "name": "instance",
      "provider": "provider[\"registry.terraform.io/terraform-provider-openstack/openstack\"]",
      "instances": [
        {
          "schema_version": 0,
          "attributes": {
            "access_ip_v4": "192.168.200.242",
            "access_ip_v6": "",
            "admin_pass": null,
            "all_metadata": {
              "environment": "stg"
            },
            "all_tags": [],
            "availability_zone": "nova",
            "availability_zone_hints": null,
            "block_device": [],
            "config_drive": null,
            "flavor_id": "aed15a19-eb65-4ed1-881d-a2dcf60a2410",
            "flavor_name": "c1m1",
            "floating_ip": null,
            "force_delete": false,
            "id": "8ecd1519-34cd-4db2-b657-cd150fc3cbb3",
            "image_id": "4455dd13-bb9f-4b47-8ec6-f49b369d3499",
            "image_name": "project5-elk_shell_script",
            "key_pair": "project5-elk-keypair",
            "metadata": {
              "environment": "stg"
            },
            "name": "webserver-5",
            "network": [
              {
                "access_network": false,
                "fixed_ip_v4": "192.168.200.242",
                "fixed_ip_v6": "",
                "floating_ip": "",
                "mac": "fa:16:3e:5c:e4:03",
                "name": "project5-elk-private-network",
                "port": "",
                "uuid": "599e0af8-3d9e-4105-a597-c8c481b65b97"
              }
            ],
            "network_mode": null,
            "personality": [],
            "power_state": "active",
            "region": "RegionOne",
            "scheduler_hints": [],
            "security_groups": [
              "project5-elk-secgroup1"
            ],
            "stop_before_destroy": false,
            "tags": null,
            "timeouts": null,
            "user_data": null,
            "vendor_options": [],
            "volume": []
          },
          "sensitive_attributes": [],
          "private": "eyJlMmJmYjczMC1lY2FhLTExZTYtOGY4OC0zNDM2M2JjN2M0YzAiOnsiY3JlYXRlIjoxODAwMDAwMDAwMDAwLCJkZWxldGUiOjE4MDAwMDAwMDAwMDAsInVwZGF0ZSI6MTgwMDAwMDAwMDAwMH19",
          "dependencies": [
            "data.openstack_images_image_v2.webserver_shell_script",
            "module.private_network.data.openstack_networking_network_v2.external_network",
            "module.private_network.openstack_compute_secgroup_v2.secgroup_1",
            "module.private_network.openstack_networking_network_v2.private_network",
            "module.private_network.openstack_networking_router_interface_v2.router_interface",
            "module.private_network.openstack_networking_router_v2.router",
            "module.private_network.openstack_networking_secgroup_rule_v2.public-in-http",
            "module.private_network.openstack_networking_secgroup_rule_v2.public-out-all-tcp",
            "module.private_network.openstack_networking_secgroup_rule_v2.public-out-all-udp",
            "module.private_network.openstack_networking_secgroup_rule_v2.subnet-in-nfs",
            "module.private_network.openstack_networking_secgroup_rule_v2.subnet-in-ssh",
            "module.private_network.openstack_networking_subnet_v2.subnet"
          ]
        }
      ]
    }
  ]
}
